// !$*UTF8*$!
{
	archiveVersion = 1;
	classes = {
	};
	objectVersion = 46;
	objects = {

/* Begin PBXBuildFile section */
		C0B2B0CA1ADBC3360068FC52 /* MMMWhatsAppActivity.m in Sources */ = {isa = PBXBuildFile; fileRef = C0B2B0C81ADBC3360068FC52 /* MMMWhatsAppActivity.m */; };
		D3095BBF1ABCBAEE00FA7A39 /* ParseFrases.swift in Sources */ = {isa = PBXBuildFile; fileRef = D3095BBE1ABCBAEE00FA7A39 /* ParseFrases.swift */; };
		D3139DB61B3DDBAA00D4FF86 /* GoogleMobileAds.framework in Frameworks */ = {isa = PBXBuildFile; fileRef = D3139DB51B3DDBAA00D4FF86 /* GoogleMobileAds.framework */; };
		D3139DB81B3DDBE900D4FF86 /* AdSupport.framework in Frameworks */ = {isa = PBXBuildFile; fileRef = D3139DB71B3DDBE900D4FF86 /* AdSupport.framework */; };
		D3139DBA1B3DDBF900D4FF86 /* AVFoundation.framework in Frameworks */ = {isa = PBXBuildFile; fileRef = D3139DB91B3DDBF900D4FF86 /* AVFoundation.framework */; };
		D3139DBC1B3DDC0800D4FF86 /* CoreMedia.framework in Frameworks */ = {isa = PBXBuildFile; fileRef = D3139DBB1B3DDC0800D4FF86 /* CoreMedia.framework */; };
		D3139DBE1B3DDC1300D4FF86 /* CoreTelephony.framework in Frameworks */ = {isa = PBXBuildFile; fileRef = D3139DBD1B3DDC1300D4FF86 /* CoreTelephony.framework */; };
		D3139DC11B3DDC2400D4FF86 /* EventKit.framework in Frameworks */ = {isa = PBXBuildFile; fileRef = D3139DBF1B3DDC2400D4FF86 /* EventKit.framework */; };
		D3139DC21B3DDC2400D4FF86 /* EventKitUI.framework in Frameworks */ = {isa = PBXBuildFile; fileRef = D3139DC01B3DDC2400D4FF86 /* EventKitUI.framework */; };
		D3139DC41B3DDC2F00D4FF86 /* MessageUI.framework in Frameworks */ = {isa = PBXBuildFile; fileRef = D3139DC31B3DDC2F00D4FF86 /* MessageUI.framework */; };
		D3139DC61B3DDFED00D4FF86 /* iAd.framework in Frameworks */ = {isa = PBXBuildFile; fileRef = D3139DC51B3DDFED00D4FF86 /* iAd.framework */; };
		D358883C1ADC30EB00BA7BAE /* whatsapp.png in Resources */ = {isa = PBXBuildFile; fileRef = D358883A1ADC30EB00BA7BAE /* whatsapp.png */; };
		D358883D1ADC30EB00BA7BAE /* whatsapp@2x.png in Resources */ = {isa = PBXBuildFile; fileRef = D358883B1ADC30EB00BA7BAE /* whatsapp@2x.png */; };
		D358883F1ADC365500BA7BAE /* Dia.swift in Sources */ = {isa = PBXBuildFile; fileRef = D358883E1ADC365500BA7BAE /* Dia.swift */; };
		D37B1C871A879AD2006D39B0 /* Bolts.framework in Frameworks */ = {isa = PBXBuildFile; fileRef = D37B1C851A879AD2006D39B0 /* Bolts.framework */; };
		D37B1C881A879AD2006D39B0 /* Parse.framework in Frameworks */ = {isa = PBXBuildFile; fileRef = D37B1C861A879AD2006D39B0 /* Parse.framework */; };
		D37B1C8C1A879AE1006D39B0 /* ParseCrashReporting.framework in Frameworks */ = {isa = PBXBuildFile; fileRef = D37B1C891A879AE1006D39B0 /* ParseCrashReporting.framework */; };
		D37B1C8D1A879AE1006D39B0 /* ParseFacebookUtils.framework in Frameworks */ = {isa = PBXBuildFile; fileRef = D37B1C8A1A879AE1006D39B0 /* ParseFacebookUtils.framework */; };
		D37B1C8E1A879AE1006D39B0 /* ParseUI.framework in Frameworks */ = {isa = PBXBuildFile; fileRef = D37B1C8B1A879AE1006D39B0 /* ParseUI.framework */; };
		D37B1C901A879B2C006D39B0 /* AudioToolbox.framework in Frameworks */ = {isa = PBXBuildFile; fileRef = D37B1C8F1A879B2C006D39B0 /* AudioToolbox.framework */; };
		D37B1C921A879B34006D39B0 /* CFNetwork.framework in Frameworks */ = {isa = PBXBuildFile; fileRef = D37B1C911A879B34006D39B0 /* CFNetwork.framework */; };
		D37B1C941A879B3C006D39B0 /* CoreGraphics.framework in Frameworks */ = {isa = PBXBuildFile; fileRef = D37B1C931A879B3C006D39B0 /* CoreGraphics.framework */; };
		D37B1C961A879B46006D39B0 /* CoreLocation.framework in Frameworks */ = {isa = PBXBuildFile; fileRef = D37B1C951A879B46006D39B0 /* CoreLocation.framework */; };
		D37B1C981A879B53006D39B0 /* MobileCoreServices.framework in Frameworks */ = {isa = PBXBuildFile; fileRef = D37B1C971A879B53006D39B0 /* MobileCoreServices.framework */; };
		D37B1C9A1A879B5B006D39B0 /* QuartzCore.framework in Frameworks */ = {isa = PBXBuildFile; fileRef = D37B1C991A879B5B006D39B0 /* QuartzCore.framework */; };
		D37B1C9C1A879B62006D39B0 /* Security.framework in Frameworks */ = {isa = PBXBuildFile; fileRef = D37B1C9B1A879B62006D39B0 /* Security.framework */; };
		D37B1C9E1A879B6B006D39B0 /* StoreKit.framework in Frameworks */ = {isa = PBXBuildFile; fileRef = D37B1C9D1A879B6B006D39B0 /* StoreKit.framework */; };
		D37B1CA01A879B73006D39B0 /* SystemConfiguration.framework in Frameworks */ = {isa = PBXBuildFile; fileRef = D37B1C9F1A879B73006D39B0 /* SystemConfiguration.framework */; };
		D37B1CA21A879B7C006D39B0 /* libz.dylib in Frameworks */ = {isa = PBXBuildFile; fileRef = D37B1CA11A879B7C006D39B0 /* libz.dylib */; };
		D37B1CA41A879B87006D39B0 /* libsqlite3.dylib in Frameworks */ = {isa = PBXBuildFile; fileRef = D37B1CA31A879B87006D39B0 /* libsqlite3.dylib */; };
		D37B1CA71A879CF8006D39B0 /* BridgeObjectiveSwift.m in Sources */ = {isa = PBXBuildFile; fileRef = D37B1CA61A879CF8006D39B0 /* BridgeObjectiveSwift.m */; };
		D37D8A011AA1009300A1D76B /* GoodMorningViewCell.swift in Sources */ = {isa = PBXBuildFile; fileRef = D37D8A001AA1009300A1D76B /* GoodMorningViewCell.swift */; };
		D37D8A031AA1162200A1D76B /* DetailViewController.swift in Sources */ = {isa = PBXBuildFile; fileRef = D37D8A021AA1162200A1D76B /* DetailViewController.swift */; };
		D3834F991A879120005D1C19 /* AppDelegate.swift in Sources */ = {isa = PBXBuildFile; fileRef = D3834F981A879120005D1C19 /* AppDelegate.swift */; };
		D3834F9E1A879120005D1C19 /* Main.storyboard in Resources */ = {isa = PBXBuildFile; fileRef = D3834F9C1A879120005D1C19 /* Main.storyboard */; };
		D3834FA01A879120005D1C19 /* Images.xcassets in Resources */ = {isa = PBXBuildFile; fileRef = D3834F9F1A879120005D1C19 /* Images.xcassets */; };
		D3834FAF1A879120005D1C19 /* GoogMorningTests.swift in Sources */ = {isa = PBXBuildFile; fileRef = D3834FAE1A879120005D1C19 /* GoogMorningTests.swift */; };
		D3DA5CDF1AC078F5008711B8 /* Localizable.strings in Resources */ = {isa = PBXBuildFile; fileRef = D3DA5CE11AC078F5008711B8 /* Localizable.strings */; };
		D3E62FAC1A9F8B7900F6B3B6 /* CollectionViewController.swift in Sources */ = {isa = PBXBuildFile; fileRef = D3E62FAB1A9F8B7900F6B3B6 /* CollectionViewController.swift */; };
		D3E62FB01A9F93BA00F6B3B6 /* ParseFotos.swift in Sources */ = {isa = PBXBuildFile; fileRef = D3E62FAF1A9F93BA00F6B3B6 /* ParseFotos.swift */; };
/* End PBXBuildFile section */

/* Begin PBXContainerItemProxy section */
		D3834FA91A879120005D1C19 /* PBXContainerItemProxy */ = {
			isa = PBXContainerItemProxy;
			containerPortal = D3834F8B1A879120005D1C19 /* Project object */;
			proxyType = 1;
			remoteGlobalIDString = D3834F921A879120005D1C19;
			remoteInfo = GoogMorning;
		};
/* End PBXContainerItemProxy section */

/* Begin PBXFileReference section */
		C0B2B0C81ADBC3360068FC52 /* MMMWhatsAppActivity.m */ = {isa = PBXFileReference; fileEncoding = 4; lastKnownFileType = sourcecode.c.objc; path = MMMWhatsAppActivity.m; sourceTree = "<group>"; };
		C0B2B0C91ADBC3360068FC52 /* MMMWhatsAppActivity.h */ = {isa = PBXFileReference; fileEncoding = 4; lastKnownFileType = sourcecode.c.h; path = MMMWhatsAppActivity.h; sourceTree = "<group>"; };
		D3095BBE1ABCBAEE00FA7A39 /* ParseFrases.swift */ = {isa = PBXFileReference; fileEncoding = 4; lastKnownFileType = sourcecode.swift; path = ParseFrases.swift; sourceTree = "<group>"; };
		D3139DB51B3DDBAA00D4FF86 /* GoogleMobileAds.framework */ = {isa = PBXFileReference; lastKnownFileType = wrapper.framework; path = GoogleMobileAds.framework; sourceTree = "<group>"; };
		D3139DB71B3DDBE900D4FF86 /* AdSupport.framework */ = {isa = PBXFileReference; lastKnownFileType = wrapper.framework; name = AdSupport.framework; path = System/Library/Frameworks/AdSupport.framework; sourceTree = SDKROOT; };
		D3139DB91B3DDBF900D4FF86 /* AVFoundation.framework */ = {isa = PBXFileReference; lastKnownFileType = wrapper.framework; name = AVFoundation.framework; path = System/Library/Frameworks/AVFoundation.framework; sourceTree = SDKROOT; };
		D3139DBB1B3DDC0800D4FF86 /* CoreMedia.framework */ = {isa = PBXFileReference; lastKnownFileType = wrapper.framework; name = CoreMedia.framework; path = System/Library/Frameworks/CoreMedia.framework; sourceTree = SDKROOT; };
		D3139DBD1B3DDC1300D4FF86 /* CoreTelephony.framework */ = {isa = PBXFileReference; lastKnownFileType = wrapper.framework; name = CoreTelephony.framework; path = System/Library/Frameworks/CoreTelephony.framework; sourceTree = SDKROOT; };
		D3139DBF1B3DDC2400D4FF86 /* EventKit.framework */ = {isa = PBXFileReference; lastKnownFileType = wrapper.framework; name = EventKit.framework; path = System/Library/Frameworks/EventKit.framework; sourceTree = SDKROOT; };
		D3139DC01B3DDC2400D4FF86 /* EventKitUI.framework */ = {isa = PBXFileReference; lastKnownFileType = wrapper.framework; name = EventKitUI.framework; path = System/Library/Frameworks/EventKitUI.framework; sourceTree = SDKROOT; };
		D3139DC31B3DDC2F00D4FF86 /* MessageUI.framework */ = {isa = PBXFileReference; lastKnownFileType = wrapper.framework; name = MessageUI.framework; path = System/Library/Frameworks/MessageUI.framework; sourceTree = SDKROOT; };
		D3139DC51B3DDFED00D4FF86 /* iAd.framework */ = {isa = PBXFileReference; lastKnownFileType = wrapper.framework; name = iAd.framework; path = System/Library/Frameworks/iAd.framework; sourceTree = SDKROOT; };
		D358883A1ADC30EB00BA7BAE /* whatsapp.png */ = {isa = PBXFileReference; lastKnownFileType = image.png; path = whatsapp.png; sourceTree = "<group>"; };
		D358883B1ADC30EB00BA7BAE /* whatsapp@2x.png */ = {isa = PBXFileReference; lastKnownFileType = image.png; path = "whatsapp@2x.png"; sourceTree = "<group>"; };
		D358883E1ADC365500BA7BAE /* Dia.swift */ = {isa = PBXFileReference; fileEncoding = 4; lastKnownFileType = sourcecode.swift; path = Dia.swift; sourceTree = "<group>"; };
		D37B1C851A879AD2006D39B0 /* Bolts.framework */ = {isa = PBXFileReference; lastKnownFileType = wrapper.framework; path = Bolts.framework; sourceTree = "<group>"; };
		D37B1C861A879AD2006D39B0 /* Parse.framework */ = {isa = PBXFileReference; lastKnownFileType = wrapper.framework; path = Parse.framework; sourceTree = "<group>"; };
		D37B1C891A879AE1006D39B0 /* ParseCrashReporting.framework */ = {isa = PBXFileReference; lastKnownFileType = wrapper.framework; path = ParseCrashReporting.framework; sourceTree = "<group>"; };
		D37B1C8A1A879AE1006D39B0 /* ParseFacebookUtils.framework */ = {isa = PBXFileReference; lastKnownFileType = wrapper.framework; path = ParseFacebookUtils.framework; sourceTree = "<group>"; };
		D37B1C8B1A879AE1006D39B0 /* ParseUI.framework */ = {isa = PBXFileReference; lastKnownFileType = wrapper.framework; path = ParseUI.framework; sourceTree = "<group>"; };
		D37B1C8F1A879B2C006D39B0 /* AudioToolbox.framework */ = {isa = PBXFileReference; lastKnownFileType = wrapper.framework; name = AudioToolbox.framework; path = System/Library/Frameworks/AudioToolbox.framework; sourceTree = SDKROOT; };
		D37B1C911A879B34006D39B0 /* CFNetwork.framework */ = {isa = PBXFileReference; lastKnownFileType = wrapper.framework; name = CFNetwork.framework; path = System/Library/Frameworks/CFNetwork.framework; sourceTree = SDKROOT; };
		D37B1C931A879B3C006D39B0 /* CoreGraphics.framework */ = {isa = PBXFileReference; lastKnownFileType = wrapper.framework; name = CoreGraphics.framework; path = System/Library/Frameworks/CoreGraphics.framework; sourceTree = SDKROOT; };
		D37B1C951A879B46006D39B0 /* CoreLocation.framework */ = {isa = PBXFileReference; lastKnownFileType = wrapper.framework; name = CoreLocation.framework; path = System/Library/Frameworks/CoreLocation.framework; sourceTree = SDKROOT; };
		D37B1C971A879B53006D39B0 /* MobileCoreServices.framework */ = {isa = PBXFileReference; lastKnownFileType = wrapper.framework; name = MobileCoreServices.framework; path = System/Library/Frameworks/MobileCoreServices.framework; sourceTree = SDKROOT; };
		D37B1C991A879B5B006D39B0 /* QuartzCore.framework */ = {isa = PBXFileReference; lastKnownFileType = wrapper.framework; name = QuartzCore.framework; path = System/Library/Frameworks/QuartzCore.framework; sourceTree = SDKROOT; };
		D37B1C9B1A879B62006D39B0 /* Security.framework */ = {isa = PBXFileReference; lastKnownFileType = wrapper.framework; name = Security.framework; path = System/Library/Frameworks/Security.framework; sourceTree = SDKROOT; };
		D37B1C9D1A879B6B006D39B0 /* StoreKit.framework */ = {isa = PBXFileReference; lastKnownFileType = wrapper.framework; name = StoreKit.framework; path = System/Library/Frameworks/StoreKit.framework; sourceTree = SDKROOT; };
		D37B1C9F1A879B73006D39B0 /* SystemConfiguration.framework */ = {isa = PBXFileReference; lastKnownFileType = wrapper.framework; name = SystemConfiguration.framework; path = System/Library/Frameworks/SystemConfiguration.framework; sourceTree = SDKROOT; };
		D37B1CA11A879B7C006D39B0 /* libz.dylib */ = {isa = PBXFileReference; lastKnownFileType = "compiled.mach-o.dylib"; name = libz.dylib; path = usr/lib/libz.dylib; sourceTree = SDKROOT; };
		D37B1CA31A879B87006D39B0 /* libsqlite3.dylib */ = {isa = PBXFileReference; lastKnownFileType = "compiled.mach-o.dylib"; name = libsqlite3.dylib; path = usr/lib/libsqlite3.dylib; sourceTree = SDKROOT; };
		D37B1CA51A879CF7006D39B0 /* GoogMorning-Bridging-Header.h */ = {isa = PBXFileReference; lastKnownFileType = sourcecode.c.h; path = "GoogMorning-Bridging-Header.h"; sourceTree = "<group>"; };
		D37B1CA61A879CF8006D39B0 /* BridgeObjectiveSwift.m */ = {isa = PBXFileReference; fileEncoding = 4; lastKnownFileType = sourcecode.c.objc; path = BridgeObjectiveSwift.m; sourceTree = "<group>"; };
		D37D8A001AA1009300A1D76B /* GoodMorningViewCell.swift */ = {isa = PBXFileReference; fileEncoding = 4; lastKnownFileType = sourcecode.swift; path = GoodMorningViewCell.swift; sourceTree = "<group>"; };
		D37D8A021AA1162200A1D76B /* DetailViewController.swift */ = {isa = PBXFileReference; fileEncoding = 4; lastKnownFileType = sourcecode.swift; path = DetailViewController.swift; sourceTree = "<group>"; };
		D3834F931A879120005D1C19 /* GoogMorning.app */ = {isa = PBXFileReference; explicitFileType = wrapper.application; includeInIndex = 0; path = GoogMorning.app; sourceTree = BUILT_PRODUCTS_DIR; };
		D3834F971A879120005D1C19 /* Info.plist */ = {isa = PBXFileReference; lastKnownFileType = text.plist.xml; path = Info.plist; sourceTree = "<group>"; };
		D3834F981A879120005D1C19 /* AppDelegate.swift */ = {isa = PBXFileReference; lastKnownFileType = sourcecode.swift; path = AppDelegate.swift; sourceTree = "<group>"; };
		D3834F9D1A879120005D1C19 /* Base */ = {isa = PBXFileReference; lastKnownFileType = file.storyboard; name = Base; path = Base.lproj/Main.storyboard; sourceTree = "<group>"; };
		D3834F9F1A879120005D1C19 /* Images.xcassets */ = {isa = PBXFileReference; lastKnownFileType = folder.assetcatalog; path = Images.xcassets; sourceTree = "<group>"; };
		D3834FA81A879120005D1C19 /* GoogMorningTests.xctest */ = {isa = PBXFileReference; explicitFileType = wrapper.cfbundle; includeInIndex = 0; path = GoogMorningTests.xctest; sourceTree = BUILT_PRODUCTS_DIR; };
		D3834FAD1A879120005D1C19 /* Info.plist */ = {isa = PBXFileReference; lastKnownFileType = text.plist.xml; path = Info.plist; sourceTree = "<group>"; };
		D3834FAE1A879120005D1C19 /* GoogMorningTests.swift */ = {isa = PBXFileReference; lastKnownFileType = sourcecode.swift; path = GoogMorningTests.swift; sourceTree = "<group>"; };
		D3DA5CE41AC079C2008711B8 /* Base */ = {isa = PBXFileReference; lastKnownFileType = text.plist.strings; name = Base; path = Base.lproj/Localizable.strings; sourceTree = "<group>"; };
		D3DA5CE51AC07A56008711B8 /* es */ = {isa = PBXFileReference; lastKnownFileType = text.plist.strings; name = es; path = es.lproj/Localizable.strings; sourceTree = "<group>"; };
		D3DA5CE61AC07A77008711B8 /* en */ = {isa = PBXFileReference; lastKnownFileType = text.plist.strings; name = en; path = en.lproj/Localizable.strings; sourceTree = "<group>"; };
		D3E62FAB1A9F8B7900F6B3B6 /* CollectionViewController.swift */ = {isa = PBXFileReference; fileEncoding = 4; lastKnownFileType = sourcecode.swift; path = CollectionViewController.swift; sourceTree = "<group>"; };
		D3E62FAF1A9F93BA00F6B3B6 /* ParseFotos.swift */ = {isa = PBXFileReference; fileEncoding = 4; lastKnownFileType = sourcecode.swift; name = ParseFotos.swift; path = ../ParseFotos.swift; sourceTree = "<group>"; };
/* End PBXFileReference section */

/* Begin PBXFrameworksBuildPhase section */
		D3834F901A879120005D1C19 /* Frameworks */ = {
			isa = PBXFrameworksBuildPhase;
			buildActionMask = 2147483647;
			files = (
				D3139DC61B3DDFED00D4FF86 /* iAd.framework in Frameworks */,
				D3139DC41B3DDC2F00D4FF86 /* MessageUI.framework in Frameworks */,
				D3139DC11B3DDC2400D4FF86 /* EventKit.framework in Frameworks */,
				D3139DC21B3DDC2400D4FF86 /* EventKitUI.framework in Frameworks */,
				D3139DBE1B3DDC1300D4FF86 /* CoreTelephony.framework in Frameworks */,
				D3139DBC1B3DDC0800D4FF86 /* CoreMedia.framework in Frameworks */,
				D3139DBA1B3DDBF900D4FF86 /* AVFoundation.framework in Frameworks */,
				D3139DB81B3DDBE900D4FF86 /* AdSupport.framework in Frameworks */,
				D37B1CA41A879B87006D39B0 /* libsqlite3.dylib in Frameworks */,
				D37B1CA21A879B7C006D39B0 /* libz.dylib in Frameworks */,
				D37B1CA01A879B73006D39B0 /* SystemConfiguration.framework in Frameworks */,
				D37B1C9E1A879B6B006D39B0 /* StoreKit.framework in Frameworks */,
				D37B1C9C1A879B62006D39B0 /* Security.framework in Frameworks */,
				D37B1C9A1A879B5B006D39B0 /* QuartzCore.framework in Frameworks */,
				D37B1C981A879B53006D39B0 /* MobileCoreServices.framework in Frameworks */,
				D37B1C961A879B46006D39B0 /* CoreLocation.framework in Frameworks */,
				D37B1C941A879B3C006D39B0 /* CoreGraphics.framework in Frameworks */,
				D37B1C921A879B34006D39B0 /* CFNetwork.framework in Frameworks */,
				D37B1C901A879B2C006D39B0 /* AudioToolbox.framework in Frameworks */,
				D37B1C881A879AD2006D39B0 /* Parse.framework in Frameworks */,
				D37B1C8C1A879AE1006D39B0 /* ParseCrashReporting.framework in Frameworks */,
				D37B1C8E1A879AE1006D39B0 /* ParseUI.framework in Frameworks */,
				D37B1C8D1A879AE1006D39B0 /* ParseFacebookUtils.framework in Frameworks */,
				D3139DB61B3DDBAA00D4FF86 /* GoogleMobileAds.framework in Frameworks */,
				D37B1C871A879AD2006D39B0 /* Bolts.framework in Frameworks */,
			);
			runOnlyForDeploymentPostprocessing = 0;
		};
		D3834FA51A879120005D1C19 /* Frameworks */ = {
			isa = PBXFrameworksBuildPhase;
			buildActionMask = 2147483647;
			files = (
			);
			runOnlyForDeploymentPostprocessing = 0;
		};
/* End PBXFrameworksBuildPhase section */

/* Begin PBXGroup section */
		C0B2B0C71ADBC20D0068FC52 /* Whatsapp */ = {
			isa = PBXGroup;
			children = (
				C0B2B0C81ADBC3360068FC52 /* MMMWhatsAppActivity.m */,
				C0B2B0C91ADBC3360068FC52 /* MMMWhatsAppActivity.h */,
				D358883A1ADC30EB00BA7BAE /* whatsapp.png */,
				D358883B1ADC30EB00BA7BAE /* whatsapp@2x.png */,
			);
			name = Whatsapp;
			sourceTree = "<group>";
		};
		D37B1C841A879AB3006D39B0 /* Frameworks */ = {
			isa = PBXGroup;
			children = (
				D3139DC51B3DDFED00D4FF86 /* iAd.framework */,
				D3139DC31B3DDC2F00D4FF86 /* MessageUI.framework */,
				D3139DBF1B3DDC2400D4FF86 /* EventKit.framework */,
				D3139DC01B3DDC2400D4FF86 /* EventKitUI.framework */,
				D3139DBD1B3DDC1300D4FF86 /* CoreTelephony.framework */,
				D3139DBB1B3DDC0800D4FF86 /* CoreMedia.framework */,
				D3139DB91B3DDBF900D4FF86 /* AVFoundation.framework */,
				D3139DB71B3DDBE900D4FF86 /* AdSupport.framework */,
				D3139DB51B3DDBAA00D4FF86 /* GoogleMobileAds.framework */,
				D37B1CA31A879B87006D39B0 /* libsqlite3.dylib */,
				D37B1CA11A879B7C006D39B0 /* libz.dylib */,
				D37B1C9F1A879B73006D39B0 /* SystemConfiguration.framework */,
				D37B1C9D1A879B6B006D39B0 /* StoreKit.framework */,
				D37B1C9B1A879B62006D39B0 /* Security.framework */,
				D37B1C991A879B5B006D39B0 /* QuartzCore.framework */,
				D37B1C971A879B53006D39B0 /* MobileCoreServices.framework */,
				D37B1C951A879B46006D39B0 /* CoreLocation.framework */,
				D37B1C931A879B3C006D39B0 /* CoreGraphics.framework */,
				D37B1C911A879B34006D39B0 /* CFNetwork.framework */,
				D37B1C8F1A879B2C006D39B0 /* AudioToolbox.framework */,
				D37B1C891A879AE1006D39B0 /* ParseCrashReporting.framework */,
				D37B1C8A1A879AE1006D39B0 /* ParseFacebookUtils.framework */,
				D37B1C8B1A879AE1006D39B0 /* ParseUI.framework */,
				D37B1C851A879AD2006D39B0 /* Bolts.framework */,
				D37B1C861A879AD2006D39B0 /* Parse.framework */,
			);
			name = Frameworks;
			sourceTree = "<group>";
		};
		D3834F8A1A87911F005D1C19 = {
			isa = PBXGroup;
			children = (
				D37B1C841A879AB3006D39B0 /* Frameworks */,
				D3834F951A879120005D1C19 /* GoogMorning */,
				D3834FAB1A879120005D1C19 /* GoogMorningTests */,
				D3834F941A879120005D1C19 /* Products */,
			);
			sourceTree = "<group>";
		};
		D3834F941A879120005D1C19 /* Products */ = {
			isa = PBXGroup;
			children = (
				D3834F931A879120005D1C19 /* GoogMorning.app */,
				D3834FA81A879120005D1C19 /* GoogMorningTests.xctest */,
			);
			name = Products;
			sourceTree = "<group>";
		};
		D3834F951A879120005D1C19 /* GoogMorning */ = {
			isa = PBXGroup;
			children = (
				D37B1CA51A879CF7006D39B0 /* GoogMorning-Bridging-Header.h */,
				C0B2B0C71ADBC20D0068FC52 /* Whatsapp */,
				D3E62FAF1A9F93BA00F6B3B6 /* ParseFotos.swift */,
				D358883E1ADC365500BA7BAE /* Dia.swift */,
				D3095BBE1ABCBAEE00FA7A39 /* ParseFrases.swift */,
				D3834F981A879120005D1C19 /* AppDelegate.swift */,
				D37B1CA61A879CF8006D39B0 /* BridgeObjectiveSwift.m */,
				D3834F9C1A879120005D1C19 /* Main.storyboard */,
				D37D8A021AA1162200A1D76B /* DetailViewController.swift */,
				D3E62FAB1A9F8B7900F6B3B6 /* CollectionViewController.swift */,
				D37D8A001AA1009300A1D76B /* GoodMorningViewCell.swift */,
				D3834F9F1A879120005D1C19 /* Images.xcassets */,
				D3834F961A879120005D1C19 /* Supporting Files */,
			);
			path = GoogMorning;
			sourceTree = "<group>";
		};
		D3834F961A879120005D1C19 /* Supporting Files */ = {
			isa = PBXGroup;
			children = (
				D3834F971A879120005D1C19 /* Info.plist */,
				D3DA5CE11AC078F5008711B8 /* Localizable.strings */,
			);
			name = "Supporting Files";
			sourceTree = "<group>";
		};
		D3834FAB1A879120005D1C19 /* GoogMorningTests */ = {
			isa = PBXGroup;
			children = (
				D3834FAE1A879120005D1C19 /* GoogMorningTests.swift */,
				D3834FAC1A879120005D1C19 /* Supporting Files */,
			);
			path = GoogMorningTests;
			sourceTree = "<group>";
		};
		D3834FAC1A879120005D1C19 /* Supporting Files */ = {
			isa = PBXGroup;
			children = (
				D3834FAD1A879120005D1C19 /* Info.plist */,
			);
			name = "Supporting Files";
			sourceTree = "<group>";
		};
/* End PBXGroup section */

/* Begin PBXNativeTarget section */
		D3834F921A879120005D1C19 /* GoogMorning */ = {
			isa = PBXNativeTarget;
			buildConfigurationList = D3834FB21A879120005D1C19 /* Build configuration list for PBXNativeTarget "GoogMorning" */;
			buildPhases = (
				D3834F8F1A879120005D1C19 /* Sources */,
				D3834F901A879120005D1C19 /* Frameworks */,
				D3834F911A879120005D1C19 /* Resources */,
			);
			buildRules = (
			);
			dependencies = (
			);
			name = GoogMorning;
			productName = GoogMorning;
			productReference = D3834F931A879120005D1C19 /* GoogMorning.app */;
			productType = "com.apple.product-type.application";
		};
		D3834FA71A879120005D1C19 /* GoogMorningTests */ = {
			isa = PBXNativeTarget;
			buildConfigurationList = D3834FB51A879120005D1C19 /* Build configuration list for PBXNativeTarget "GoogMorningTests" */;
			buildPhases = (
				D3834FA41A879120005D1C19 /* Sources */,
				D3834FA51A879120005D1C19 /* Frameworks */,
				D3834FA61A879120005D1C19 /* Resources */,
			);
			buildRules = (
			);
			dependencies = (
				D3834FAA1A879120005D1C19 /* PBXTargetDependency */,
			);
			name = GoogMorningTests;
			productName = GoogMorningTests;
			productReference = D3834FA81A879120005D1C19 /* GoogMorningTests.xctest */;
			productType = "com.apple.product-type.bundle.unit-test";
		};
/* End PBXNativeTarget section */

/* Begin PBXProject section */
		D3834F8B1A879120005D1C19 /* Project object */ = {
			isa = PBXProject;
			attributes = {
				LastSwiftUpdateCheck = 0710;
				LastUpgradeCheck = 0710;
				ORGANIZATIONNAME = "Alberto Banet Masa";
				TargetAttributes = {
					D3834F921A879120005D1C19 = {
						CreatedOnToolsVersion = 6.1.1;
						DevelopmentTeam = FLU98JG66T;
					};
					D3834FA71A879120005D1C19 = {
						CreatedOnToolsVersion = 6.1.1;
						DevelopmentTeam = FLU98JG66T;
						TestTargetID = D3834F921A879120005D1C19;
					};
				};
			};
			buildConfigurationList = D3834F8E1A879120005D1C19 /* Build configuration list for PBXProject "GoogMorning" */;
			compatibilityVersion = "Xcode 3.2";
			developmentRegion = English;
			hasScannedForEncodings = 0;
			knownRegions = (
				en,
				Base,
				es,
			);
			mainGroup = D3834F8A1A87911F005D1C19;
			productRefGroup = D3834F941A879120005D1C19 /* Products */;
			projectDirPath = "";
			projectRoot = "";
			targets = (
				D3834F921A879120005D1C19 /* GoogMorning */,
				D3834FA71A879120005D1C19 /* GoogMorningTests */,
			);
		};
/* End PBXProject section */

/* Begin PBXResourcesBuildPhase section */
		D3834F911A879120005D1C19 /* Resources */ = {
			isa = PBXResourcesBuildPhase;
			buildActionMask = 2147483647;
			files = (
				D358883C1ADC30EB00BA7BAE /* whatsapp.png in Resources */,
				D3834F9E1A879120005D1C19 /* Main.storyboard in Resources */,
				D3DA5CDF1AC078F5008711B8 /* Localizable.strings in Resources */,
				D3834FA01A879120005D1C19 /* Images.xcassets in Resources */,
				D358883D1ADC30EB00BA7BAE /* whatsapp@2x.png in Resources */,
			);
			runOnlyForDeploymentPostprocessing = 0;
		};
		D3834FA61A879120005D1C19 /* Resources */ = {
			isa = PBXResourcesBuildPhase;
			buildActionMask = 2147483647;
			files = (
			);
			runOnlyForDeploymentPostprocessing = 0;
		};
/* End PBXResourcesBuildPhase section */

/* Begin PBXSourcesBuildPhase section */
		D3834F8F1A879120005D1C19 /* Sources */ = {
			isa = PBXSourcesBuildPhase;
			buildActionMask = 2147483647;
			files = (
				D3095BBF1ABCBAEE00FA7A39 /* ParseFrases.swift in Sources */,
				D3E62FAC1A9F8B7900F6B3B6 /* CollectionViewController.swift in Sources */,
				D3E62FB01A9F93BA00F6B3B6 /* ParseFotos.swift in Sources */,
				D37D8A011AA1009300A1D76B /* GoodMorningViewCell.swift in Sources */,
				C0B2B0CA1ADBC3360068FC52 /* MMMWhatsAppActivity.m in Sources */,
				D358883F1ADC365500BA7BAE /* Dia.swift in Sources */,
				D37D8A031AA1162200A1D76B /* DetailViewController.swift in Sources */,
				D37B1CA71A879CF8006D39B0 /* BridgeObjectiveSwift.m in Sources */,
				D3834F991A879120005D1C19 /* AppDelegate.swift in Sources */,
			);
			runOnlyForDeploymentPostprocessing = 0;
		};
		D3834FA41A879120005D1C19 /* Sources */ = {
			isa = PBXSourcesBuildPhase;
			buildActionMask = 2147483647;
			files = (
				D3834FAF1A879120005D1C19 /* GoogMorningTests.swift in Sources */,
			);
			runOnlyForDeploymentPostprocessing = 0;
		};
/* End PBXSourcesBuildPhase section */

/* Begin PBXTargetDependency section */
		D3834FAA1A879120005D1C19 /* PBXTargetDependency */ = {
			isa = PBXTargetDependency;
			target = D3834F921A879120005D1C19 /* GoogMorning */;
			targetProxy = D3834FA91A879120005D1C19 /* PBXContainerItemProxy */;
		};
/* End PBXTargetDependency section */

/* Begin PBXVariantGroup section */
		D3834F9C1A879120005D1C19 /* Main.storyboard */ = {
			isa = PBXVariantGroup;
			children = (
				D3834F9D1A879120005D1C19 /* Base */,
			);
			name = Main.storyboard;
			sourceTree = "<group>";
		};
		D3DA5CE11AC078F5008711B8 /* Localizable.strings */ = {
			isa = PBXVariantGroup;
			children = (
				D3DA5CE41AC079C2008711B8 /* Base */,
				D3DA5CE51AC07A56008711B8 /* es */,
				D3DA5CE61AC07A77008711B8 /* en */,
			);
			name = Localizable.strings;
			sourceTree = "<group>";
		};
/* End PBXVariantGroup section */

/* Begin XCBuildConfiguration section */
		D3834FB01A879120005D1C19 /* Debug */ = {
			isa = XCBuildConfiguration;
			buildSettings = {
				ALWAYS_SEARCH_USER_PATHS = NO;
				CLANG_CXX_LANGUAGE_STANDARD = "gnu++0x";
				CLANG_CXX_LIBRARY = "libc++";
				CLANG_ENABLE_MODULES = YES;
				CLANG_ENABLE_OBJC_ARC = YES;
				CLANG_WARN_BOOL_CONVERSION = YES;
				CLANG_WARN_CONSTANT_CONVERSION = YES;
				CLANG_WARN_DIRECT_OBJC_ISA_USAGE = YES_ERROR;
				CLANG_WARN_EMPTY_BODY = YES;
				CLANG_WARN_ENUM_CONVERSION = YES;
				CLANG_WARN_INT_CONVERSION = YES;
				CLANG_WARN_OBJC_ROOT_CLASS = YES_ERROR;
				CLANG_WARN_UNREACHABLE_CODE = YES;
				CLANG_WARN__DUPLICATE_METHOD_MATCH = YES;
				CODE_SIGN_IDENTITY = "iPhone Distribution";
				"CODE_SIGN_IDENTITY[sdk=iphoneos*]" = "iPhone Distribution: Alberto Masa (FLU98JG66T)";
				COPY_PHASE_STRIP = NO;
				ENABLE_STRICT_OBJC_MSGSEND = YES;
				ENABLE_TESTABILITY = YES;
				GCC_C_LANGUAGE_STANDARD = gnu99;
				GCC_DYNAMIC_NO_PIC = NO;
				GCC_OPTIMIZATION_LEVEL = 0;
				GCC_PREPROCESSOR_DEFINITIONS = (
					"DEBUG=1",
					"$(inherited)",
				);
				GCC_SYMBOLS_PRIVATE_EXTERN = NO;
				GCC_WARN_64_TO_32_BIT_CONVERSION = YES;
				GCC_WARN_ABOUT_RETURN_TYPE = YES_ERROR;
				GCC_WARN_UNDECLARED_SELECTOR = YES;
				GCC_WARN_UNINITIALIZED_AUTOS = YES_AGGRESSIVE;
				GCC_WARN_UNUSED_FUNCTION = YES;
				GCC_WARN_UNUSED_VARIABLE = YES;
				IPHONEOS_DEPLOYMENT_TARGET = 7.0;
				MTL_ENABLE_DEBUG_INFO = YES;
				ONLY_ACTIVE_ARCH = YES;
				SDKROOT = iphoneos;
				SWIFT_OPTIMIZATION_LEVEL = "-Onone";
			};
			name = Debug;
		};
		D3834FB11A879120005D1C19 /* Release */ = {
			isa = XCBuildConfiguration;
			buildSettings = {
				ALWAYS_SEARCH_USER_PATHS = NO;
				CLANG_CXX_LANGUAGE_STANDARD = "gnu++0x";
				CLANG_CXX_LIBRARY = "libc++";
				CLANG_ENABLE_MODULES = YES;
				CLANG_ENABLE_OBJC_ARC = YES;
				CLANG_WARN_BOOL_CONVERSION = YES;
				CLANG_WARN_CONSTANT_CONVERSION = YES;
				CLANG_WARN_DIRECT_OBJC_ISA_USAGE = YES_ERROR;
				CLANG_WARN_EMPTY_BODY = YES;
				CLANG_WARN_ENUM_CONVERSION = YES;
				CLANG_WARN_INT_CONVERSION = YES;
				CLANG_WARN_OBJC_ROOT_CLASS = YES_ERROR;
				CLANG_WARN_UNREACHABLE_CODE = YES;
				CLANG_WARN__DUPLICATE_METHOD_MATCH = YES;
				CODE_SIGN_IDENTITY = "iPhone Distribution";
				"CODE_SIGN_IDENTITY[sdk=iphoneos*]" = "iPhone Distribution: Alberto Masa (FLU98JG66T)";
				COPY_PHASE_STRIP = YES;
				ENABLE_NS_ASSERTIONS = NO;
				ENABLE_STRICT_OBJC_MSGSEND = YES;
				GCC_C_LANGUAGE_STANDARD = gnu99;
				GCC_WARN_64_TO_32_BIT_CONVERSION = YES;
				GCC_WARN_ABOUT_RETURN_TYPE = YES_ERROR;
				GCC_WARN_UNDECLARED_SELECTOR = YES;
				GCC_WARN_UNINITIALIZED_AUTOS = YES_AGGRESSIVE;
				GCC_WARN_UNUSED_FUNCTION = YES;
				GCC_WARN_UNUSED_VARIABLE = YES;
				IPHONEOS_DEPLOYMENT_TARGET = 7.0;
				MTL_ENABLE_DEBUG_INFO = NO;
				SDKROOT = iphoneos;
				VALIDATE_PRODUCT = YES;
			};
			name = Release;
		};
		D3834FB31A879120005D1C19 /* Debug */ = {
			isa = XCBuildConfiguration;
			buildSettings = {
				ASSETCATALOG_COMPILER_APPICON_NAME = AppIcon;
				ASSETCATALOG_COMPILER_LAUNCHIMAGE_NAME = LaunchImage;
				CLANG_ENABLE_MODULES = YES;
				CODE_SIGN_IDENTITY = "iPhone Developer";
				"CODE_SIGN_IDENTITY[sdk=iphoneos*]" = "iPhone Developer";
				FRAMEWORK_SEARCH_PATHS = (
					"$(inherited)",
					"$(PROJECT_DIR)",
				);
				INFOPLIST_FILE = GoogMorning/Info.plist;
				LD_RUNPATH_SEARCH_PATHS = "$(inherited) @executable_path/Frameworks";
				PRODUCT_BUNDLE_IDENTIFIER = es.iosconnection.GoodMorning;
				PRODUCT_NAME = "$(TARGET_NAME)";
				PROVISIONING_PROFILE = "";
				SWIFT_OBJC_BRIDGING_HEADER = "GoogMorning/GoogMorning-Bridging-Header.h";
				SWIFT_OPTIMIZATION_LEVEL = "-Onone";
			};
			name = Debug;
		};
		D3834FB41A879120005D1C19 /* Release */ = {
			isa = XCBuildConfiguration;
			buildSettings = {
				ASSETCATALOG_COMPILER_APPICON_NAME = AppIcon;
				ASSETCATALOG_COMPILER_LAUNCHIMAGE_NAME = LaunchImage;
				CLANG_ENABLE_MODULES = YES;
				CODE_SIGN_IDENTITY = "iPhone Developer";
				"CODE_SIGN_IDENTITY[sdk=iphoneos*]" = "iPhone Developer";
				FRAMEWORK_SEARCH_PATHS = (
					"$(inherited)",
					"$(PROJECT_DIR)",
				);
				INFOPLIST_FILE = GoogMorning/Info.plist;
				LD_RUNPATH_SEARCH_PATHS = "$(inherited) @executable_path/Frameworks";
				PRODUCT_BUNDLE_IDENTIFIER = es.iosconnection.GoodMorning;
				PRODUCT_NAME = "$(TARGET_NAME)";
				PROVISIONING_PROFILE = "";
				SWIFT_OBJC_BRIDGING_HEADER = "GoogMorning/GoogMorning-Bridging-Header.h";
			};
			name = Release;
		};
		D3834FB61A879120005D1C19 /* Debug */ = {
			isa = XCBuildConfiguration;
			buildSettings = {
				BUNDLE_LOADER = "$(TEST_HOST)";
				CODE_SIGN_IDENTITY = "iPhone Developer";
				"CODE_SIGN_IDENTITY[sdk=iphoneos*]" = "iPhone Developer";
				FRAMEWORK_SEARCH_PATHS = (
					"$(SDKROOT)/Developer/Library/Frameworks",
					"$(inherited)",
				);
				GCC_PREPROCESSOR_DEFINITIONS = (
					"DEBUG=1",
					"$(inherited)",
				);
				INFOPLIST_FILE = GoogMorningTests/Info.plist;
				LD_RUNPATH_SEARCH_PATHS = "$(inherited) @executable_path/Frameworks @loader_path/Frameworks";
				PRODUCT_BUNDLE_IDENTIFIER = "es.iosconnection.$(PRODUCT_NAME:rfc1034identifier)";
				PRODUCT_NAME = "$(TARGET_NAME)";
				PROVISIONING_PROFILE = "";
				TEST_HOST = "$(BUILT_PRODUCTS_DIR)/GoogMorning.app/GoogMorning";
			};
			name = Debug;
		};
		D3834FB71A879120005D1C19 /* Release */ = {
			isa = XCBuildConfiguration;
			buildSettings = {
				BUNDLE_LOADER = "$(TEST_HOST)";
				CODE_SIGN_IDENTITY = "iPhone Developer";
				"CODE_SIGN_IDENTITY[sdk=iphoneos*]" = "iPhone Developer";
				FRAMEWORK_SEARCH_PATHS = (
					"$(SDKROOT)/Developer/Library/Frameworks",
					"$(inherited)",
				);
				INFOPLIST_FILE = GoogMorningTests/Info.plist;
				LD_RUNPATH_SEARCH_PATHS = "$(inherited) @executable_path/Frameworks @loader_path/Frameworks";
				PRODUCT_BUNDLE_IDENTIFIER = "es.iosconnection.$(PRODUCT_NAME:rfc1034identifier)";
				PRODUCT_NAME = "$(TARGET_NAME)";
				PROVISIONING_PROFILE = "";
				TEST_HOST = "$(BUILT_PRODUCTS_DIR)/GoogMorning.app/GoogMorning";
			};
			name = Release;
		};
/* End XCBuildConfiguration section */

/* Begin XCConfigurationList section */
		D3834F8E1A879120005D1C19 /* Build configuration list for PBXProject "GoogMorning" */ = {
			isa = XCConfigurationList;
			buildConfigurations = (
				D3834FB01A879120005D1C19 /* Debug */,
				D3834FB11A879120005D1C19 /* Release */,
			);
			defaultConfigurationIsVisible = 0;
			defaultConfigurationName = Release;
		};
		D3834FB21A879120005D1C19 /* Build configuration list for PBXNativeTarget "GoogMorning" */ = {
			isa = XCConfigurationList;
			buildConfigurations = (
				D3834FB31A879120005D1C19 /* Debug */,
				D3834FB41A879120005D1C19 /* Release */,
			);
			defaultConfigurationIsVisible = 0;
			defaultConfigurationName = Release;
		};
		D3834FB51A879120005D1C19 /* Build configuration list for PBXNativeTarget "GoogMorningTests" */ = {
			isa = XCConfigurationList;
			buildConfigurations = (
				D3834FB61A879120005D1C19 /* Debug */,
				D3834FB71A879120005D1C19 /* Release */,
			);
			defaultConfigurationIsVisible = 0;
			defaultConfigurationName = Release;
		};
/* End XCConfigurationList section */
	};
	rootObject = D3834F8B1A879120005D1C19 /* Project object */;
}
